
Microsoft Visual Studio Solution File, Format Version 12.00
# Visual Studio 15
VisualStudioVersion = 15.0.28307.1340
MinimumVisualStudioVersion = 10.0.40219.1
Project("{FAE04EC0-301F-11D3-BF4B-00C04F79EFBC}") = "FlexAgenda", "FlexAgenda\FlexAgenda.csproj", "{F6C3C718-2D2E-4FBB-B9D8-6B9B5B2FB470}"
EndProject
Global
	GlobalSection(SolutionConfigurationPlatforms) = preSolution
		Debug|Any CPU = Debug|Any CPU
		Release|Any CPU = Release|Any CPU
	EndGlobalSection
	GlobalSection(ProjectConfigurationPlatforms) = postSolution
		{F6C3C718-2D2E-4FBB-B9D8-6B9B5B2FB470}.Debug|Any CPU.ActiveCfg = Debug|Any CPU
		{F6C3C718-2D2E-4FBB-B9D8-6B9B5B2FB470}.Debug|Any CPU.Build.0 = Debug|Any CPU
		{F6C3C718-2D2E-4FBB-B9D8-6B9B5B2FB470}.Release|Any CPU.ActiveCfg = Release|Any CPU
		{F6C3C718-2D2E-4FBB-B9D8-6B9B5B2FB470}.Release|Any CPU.Build.0 = Release|Any CPU
	EndGlobalSection
	GlobalSection(SolutionProperties) = preSolution
		HideSolutionNode = FALSE
	EndGlobalSection
	GlobalSection(ExtensibilityGlobals) = postSolution
		SolutionGuid = {B48C5A13-8FB9-4286-9501-475D4AD5DE88}
	EndGlobalSection
EndGlobal
